
Microsoft Visual Studio Solution File, Format Version 12.00
# Visual Studio 14
VisualStudioVersion = 14.0.23107.0
MinimumVisualStudioVersion = 10.0.40219.1
Project("{8BC9CEB8-8B4A-11D0-8D11-00A0C91BC942}") = "CoreStatic", "Core\CoreStatic.vcxproj", "{CD33990A-82D0-4A6D-AD07-5AD57A100806}"
EndProject
Project("{8BC9CEB8-8B4A-11D0-8D11-00A0C91BC942}") = "CoreDynamic", "Core\CoreDynamic.vcxproj", "{156605F5-3857-4BBF-A524-5F3EB71D9FE6}"
EndProject
Project("{8BC9CEB8-8B4A-11D0-8D11-00A0C91BC942}") = "Testing", "Testing\Testing.vcxproj", "{91F1B439-07FC-4851-A143-4F5B8DDBA796}"
EndProject
Global
	GlobalSection(SolutionConfigurationPlatforms) = preSolution
		Debug|x64 = Debug|x64
		Debug|x86 = Debug|x86
		Release|x64 = Release|x64
		Release|x86 = Release|x86
	EndGlobalSection
	GlobalSection(ProjectConfigurationPlatforms) = postSolution
		{CD33990A-82D0-4A6D-AD07-5AD57A100806}.Debug|x64.ActiveCfg = Debug|x64
		{CD33990A-82D0-4A6D-AD07-5AD57A100806}.Debug|x64.Build.0 = Debug|x64
		{CD33990A-82D0-4A6D-AD07-5AD57A100806}.Debug|x86.ActiveCfg = Debug|Win32
		{CD33990A-82D0-4A6D-AD07-5AD57A100806}.Debug|x86.Build.0 = Debug|Win32
		{CD33990A-82D0-4A6D-AD07-5AD57A100806}.Release|x64.ActiveCfg = Release|x64
		{CD33990A-82D0-4A6D-AD07-5AD57A100806}.Release|x64.Build.0 = Release|x64
		{CD33990A-82D0-4A6D-AD07-5AD57A100806}.Release|x86.ActiveCfg = Release|Win32
		{CD33990A-82D0-4A6D-AD07-5AD57A100806}.Release|x86.Build.0 = Release|Win32
		{156605F5-3857-4BBF-A524-5F3EB71D9FE6}.Debug|x64.ActiveCfg = Debug|x64
		{156605F5-3857-4BBF-A524-5F3EB71D9FE6}.Debug|x64.Build.0 = Debug|x64
		{156605F5-3857-4BBF-A524-5F3EB71D9FE6}.Debug|x86.ActiveCfg = Debug|Win32
		{156605F5-3857-4BBF-A524-5F3EB71D9FE6}.Debug|x86.Build.0 = Debug|Win32
		{156605F5-3857-4BBF-A524-5F3EB71D9FE6}.Release|x64.ActiveCfg = Release|x64
		{156605F5-3857-4BBF-A524-5F3EB71D9FE6}.Release|x64.Build.0 = Release|x64
		{156605F5-3857-4BBF-A524-5F3EB71D9FE6}.Release|x86.ActiveCfg = Release|Win32
		{156605F5-3857-4BBF-A524-5F3EB71D9FE6}.Release|x86.Build.0 = Release|Win32
		{91F1B439-07FC-4851-A143-4F5B8DDBA796}.Debug|x64.ActiveCfg = Debug|x64
		{91F1B439-07FC-4851-A143-4F5B8DDBA796}.Debug|x64.Build.0 = Debug|x64
		{91F1B439-07FC-4851-A143-4F5B8DDBA796}.Debug|x86.ActiveCfg = Debug|Win32
		{91F1B439-07FC-4851-A143-4F5B8DDBA796}.Debug|x86.Build.0 = Debug|Win32
		{91F1B439-07FC-4851-A143-4F5B8DDBA796}.Release|x64.ActiveCfg = Release|x64
		{91F1B439-07FC-4851-A143-4F5B8DDBA796}.Release|x64.Build.0 = Release|x64
		{91F1B439-07FC-4851-A143-4F5B8DDBA796}.Release|x86.ActiveCfg = Release|Win32
		{91F1B439-07FC-4851-A143-4F5B8DDBA796}.Release|x86.Build.0 = Release|Win32
	EndGlobalSection
	GlobalSection(SolutionProperties) = preSolution
		HideSolutionNode = FALSE
	EndGlobalSection
EndGlobal
